
Microsoft Visual Studio Solution File, Format Version 12.00
# Visual Studio 2013
VisualStudioVersion = 12.0.21005.1
MinimumVisualStudioVersion = 10.0.40219.1
Project("{FAE04EC0-301F-11D3-BF4B-00C04F79EFBC}") = "LinqDemo", "LinqDemo\LinqDemo.csproj", "{F54EC5E6-2E42-4B3C-9ECC-FFA52D2FE8DE}"
EndProject
Global
	GlobalSection(SolutionConfigurationPlatforms) = preSolution
		Debug|Any CPU = Debug|Any CPU
		Release|Any CPU = Release|Any CPU
	EndGlobalSection
	GlobalSection(ProjectConfigurationPlatforms) = postSolution
		{F54EC5E6-2E42-4B3C-9ECC-FFA52D2FE8DE}.Debug|Any CPU.ActiveCfg = Debug|Any CPU
		{F54EC5E6-2E42-4B3C-9ECC-FFA52D2FE8DE}.Debug|Any CPU.Build.0 = Debug|Any CPU
		{F54EC5E6-2E42-4B3C-9ECC-FFA52D2FE8DE}.Release|Any CPU.ActiveCfg = Release|Any CPU
		{F54EC5E6-2E42-4B3C-9ECC-FFA52D2FE8DE}.Release|Any CPU.Build.0 = Release|Any CPU
	EndGlobalSection
	GlobalSection(SolutionProperties) = preSolution
		HideSolutionNode = FALSE
	EndGlobalSection
EndGlobal
