
Microsoft Visual Studio Solution File, Format Version 12.00
# Visual Studio 2013
VisualStudioVersion = 12.0.21005.1
MinimumVisualStudioVersion = 10.0.40219.1
Project("{FAE04EC0-301F-11D3-BF4B-00C04F79EFBC}") = "LinqOefening", "LinqOefening\LinqOefening.csproj", "{FC3EC143-8C8E-4118-9BD6-9A5D0AD98FE9}"
EndProject
Global
	GlobalSection(SolutionConfigurationPlatforms) = preSolution
		Debug|Any CPU = Debug|Any CPU
		Release|Any CPU = Release|Any CPU
	EndGlobalSection
	GlobalSection(ProjectConfigurationPlatforms) = postSolution
		{FC3EC143-8C8E-4118-9BD6-9A5D0AD98FE9}.Debug|Any CPU.ActiveCfg = Debug|Any CPU
		{FC3EC143-8C8E-4118-9BD6-9A5D0AD98FE9}.Debug|Any CPU.Build.0 = Debug|Any CPU
		{FC3EC143-8C8E-4118-9BD6-9A5D0AD98FE9}.Release|Any CPU.ActiveCfg = Release|Any CPU
		{FC3EC143-8C8E-4118-9BD6-9A5D0AD98FE9}.Release|Any CPU.Build.0 = Release|Any CPU
	EndGlobalSection
	GlobalSection(SolutionProperties) = preSolution
		HideSolutionNode = FALSE
	EndGlobalSection
EndGlobal
